
Microsoft Visual Studio Solution File, Format Version 12.00
# Visual Studio Version 16
VisualStudioVersion = 16.0.32413.511
MinimumVisualStudioVersion = 10.0.40219.1
Project("{D2ABAB84-BF74-430A-B69E-9DC6D40DDA17}") = "GlobalTerrorismAnalysys", "GlobalTerrorismAnalysys\GlobalTerrorismAnalysys.dwproj", "{1D3FC0CD-2DFE-41AA-BFFD-6AD15D7C6FA3}"
EndProject
Global
	GlobalSection(SolutionConfigurationPlatforms) = preSolution
		Development|Default = Development|Default
	EndGlobalSection
	GlobalSection(ProjectConfigurationPlatforms) = postSolution
		{1D3FC0CD-2DFE-41AA-BFFD-6AD15D7C6FA3}.Development|Default.ActiveCfg = Development
		{1D3FC0CD-2DFE-41AA-BFFD-6AD15D7C6FA3}.Development|Default.Build.0 = Development
		{1D3FC0CD-2DFE-41AA-BFFD-6AD15D7C6FA3}.Development|Default.Deploy.0 = Development
	EndGlobalSection
	GlobalSection(SolutionProperties) = preSolution
		HideSolutionNode = FALSE
	EndGlobalSection
	GlobalSection(ExtensibilityGlobals) = postSolution
		SolutionGuid = {F3600FE5-C572-4AF6-9140-4D5DE3747458}
	EndGlobalSection
EndGlobal
